
Microsoft Visual Studio Solution File, Format Version 12.00
# Visual Studio Version 16
VisualStudioVersion = 16.0.29215.179
MinimumVisualStudioVersion = 10.0.40219.1
Project("{9A19103F-16F7-4668-BE54-9A1E7A4F7556}") = "myFirstConsoleApp2", "myFirstConsoleApp2\myFirstConsoleApp2.csproj", "{C125D696-2964-4BE9-BCD7-59CC60526246}"
EndProject
Project("{9A19103F-16F7-4668-BE54-9A1E7A4F7556}") = "acceptingUserInput", "acceptingUserInput\acceptingUserInput.csproj", "{A89DBD4F-F7B7-4AF9-A1BB-7DF85C43660F}"
EndProject
Project("{9A19103F-16F7-4668-BE54-9A1E7A4F7556}") = "numManipulation", "numManipulation\numManipulation.csproj", "{F9AD2B51-654A-415F-92C8-F36EE00ED922}"
EndProject
Project("{9A19103F-16F7-4668-BE54-9A1E7A4F7556}") = "letterLoops", "letterLoops\letterLoops.csproj", "{989AD7D3-7964-46AB-B209-D01F10448DFF}"
EndProject
Project("{FAE04EC0-301F-11D3-BF4B-00C04F79EFBC}") = "Koans", "Koans\Koans.csproj", "{A8C9DE4C-BC67-49B9-9BA3-E50B43A52D81}"
EndProject
Global
	GlobalSection(SolutionConfigurationPlatforms) = preSolution
		Debug|Any CPU = Debug|Any CPU
		Release|Any CPU = Release|Any CPU
	EndGlobalSection
	GlobalSection(ProjectConfigurationPlatforms) = postSolution
		{C125D696-2964-4BE9-BCD7-59CC60526246}.Debug|Any CPU.ActiveCfg = Debug|Any CPU
		{C125D696-2964-4BE9-BCD7-59CC60526246}.Debug|Any CPU.Build.0 = Debug|Any CPU
		{C125D696-2964-4BE9-BCD7-59CC60526246}.Release|Any CPU.ActiveCfg = Release|Any CPU
		{C125D696-2964-4BE9-BCD7-59CC60526246}.Release|Any CPU.Build.0 = Release|Any CPU
		{A89DBD4F-F7B7-4AF9-A1BB-7DF85C43660F}.Debug|Any CPU.ActiveCfg = Debug|Any CPU
		{A89DBD4F-F7B7-4AF9-A1BB-7DF85C43660F}.Debug|Any CPU.Build.0 = Debug|Any CPU
		{A89DBD4F-F7B7-4AF9-A1BB-7DF85C43660F}.Release|Any CPU.ActiveCfg = Release|Any CPU
		{A89DBD4F-F7B7-4AF9-A1BB-7DF85C43660F}.Release|Any CPU.Build.0 = Release|Any CPU
		{F9AD2B51-654A-415F-92C8-F36EE00ED922}.Debug|Any CPU.ActiveCfg = Debug|Any CPU
		{F9AD2B51-654A-415F-92C8-F36EE00ED922}.Debug|Any CPU.Build.0 = Debug|Any CPU
		{F9AD2B51-654A-415F-92C8-F36EE00ED922}.Release|Any CPU.ActiveCfg = Release|Any CPU
		{F9AD2B51-654A-415F-92C8-F36EE00ED922}.Release|Any CPU.Build.0 = Release|Any CPU
		{989AD7D3-7964-46AB-B209-D01F10448DFF}.Debug|Any CPU.ActiveCfg = Debug|Any CPU
		{989AD7D3-7964-46AB-B209-D01F10448DFF}.Debug|Any CPU.Build.0 = Debug|Any CPU
		{989AD7D3-7964-46AB-B209-D01F10448DFF}.Release|Any CPU.ActiveCfg = Release|Any CPU
		{989AD7D3-7964-46AB-B209-D01F10448DFF}.Release|Any CPU.Build.0 = Release|Any CPU
		{A8C9DE4C-BC67-49B9-9BA3-E50B43A52D81}.Debug|Any CPU.ActiveCfg = Debug|Any CPU
		{A8C9DE4C-BC67-49B9-9BA3-E50B43A52D81}.Debug|Any CPU.Build.0 = Debug|Any CPU
		{A8C9DE4C-BC67-49B9-9BA3-E50B43A52D81}.Release|Any CPU.ActiveCfg = Release|Any CPU
		{A8C9DE4C-BC67-49B9-9BA3-E50B43A52D81}.Release|Any CPU.Build.0 = Release|Any CPU
	EndGlobalSection
	GlobalSection(SolutionProperties) = preSolution
		HideSolutionNode = FALSE
	EndGlobalSection
	GlobalSection(ExtensibilityGlobals) = postSolution
		SolutionGuid = {2F00CD33-0B08-48D4-BBBC-BC3ED1A6626A}
	EndGlobalSection
EndGlobal
